
Microsoft Visual Studio Solution File, Format Version 12.00
# Visual Studio Version 16
VisualStudioVersion = 16.0.34601.136
MinimumVisualStudioVersion = 10.0.40219.1
Project("{FAE04EC0-301F-11D3-BF4B-00C04F79EFBC}") = "lab5_1", "lab5_1\lab5_1.csproj", "{05BDAF0D-94B0-4F1A-9CF3-DE63C4873BCE}"
EndProject
Global
	GlobalSection(SolutionConfigurationPlatforms) = preSolution
		Debug|Any CPU = Debug|Any CPU
		Release|Any CPU = Release|Any CPU
	EndGlobalSection
	GlobalSection(ProjectConfigurationPlatforms) = postSolution
		{05BDAF0D-94B0-4F1A-9CF3-DE63C4873BCE}.Debug|Any CPU.ActiveCfg = Debug|Any CPU
		{05BDAF0D-94B0-4F1A-9CF3-DE63C4873BCE}.Debug|Any CPU.Build.0 = Debug|Any CPU
		{05BDAF0D-94B0-4F1A-9CF3-DE63C4873BCE}.Release|Any CPU.ActiveCfg = Release|Any CPU
		{05BDAF0D-94B0-4F1A-9CF3-DE63C4873BCE}.Release|Any CPU.Build.0 = Release|Any CPU
	EndGlobalSection
	GlobalSection(SolutionProperties) = preSolution
		HideSolutionNode = FALSE
	EndGlobalSection
	GlobalSection(ExtensibilityGlobals) = postSolution
		SolutionGuid = {35683A09-AB1E-4E32-B9F3-60A7BC2DC434}
	EndGlobalSection
EndGlobal
